
Microsoft Visual Studio Solution File, Format Version 12.00
# Visual Studio Version 17
VisualStudioVersion = 17.2.32616.157
MinimumVisualStudioVersion = 10.0.40219.1
Project("{9A19103F-16F7-4668-BE54-9A1E7A4F7556}") = "Carbon.Examples.WebService.Common", "Carbon.Examples.WebService.Common\Carbon.Examples.WebService.Common.csproj", "{F7687BEC-8707-431E-9051-0EA1E40E338B}"
EndProject
Project("{2150E333-8FDC-42A3-9474-1A3956D46DE8}") = "Solution Items", "Solution Items", "{0DF636C4-32F6-439E-A8E9-8685FDA15B78}"
	ProjectSection(SolutionItems) = preProject
		Directory.Build.props = Directory.Build.props
		Directory.Build.targets = Directory.Build.targets
		README.md = README.md
		ServiceCodegen.ttinclude = ServiceCodegen.ttinclude
		ServiceCodegen.xml = ServiceCodegen.xml
	EndProjectSection
EndProject
Project("{9A19103F-16F7-4668-BE54-9A1E7A4F7556}") = "Carbon.Examples.WebService.WebApi", "Carbon.Examples.WebService.WebApi\Carbon.Examples.WebService.WebApi.csproj", "{DDE6EFD5-0430-4D97-9FDB-169543DC3117}"
EndProject
Project("{9A19103F-16F7-4668-BE54-9A1E7A4F7556}") = "Carbon.Examples.WebService.Logging", "Carbon.Examples.WebService.Logging\Carbon.Examples.WebService.Logging.csproj", "{53220ADF-4869-4A27-880F-379143DA54EF}"
EndProject
Project("{9A19103F-16F7-4668-BE54-9A1E7A4F7556}") = "Carbon.Examples.WebService.UnitTests", "Carbon.Examples.WebService.UnitTests\Carbon.Examples.WebService.UnitTests.csproj", "{3B577521-921A-4B5A-AEF4-BE56742729FC}"
EndProject
Project("{9A19103F-16F7-4668-BE54-9A1E7A4F7556}") = "RCS.Azure.Data.Common", "..\..\Azure.Data\RCS.Azure.Data.Common\RCS.Azure.Data.Common.csproj", "{83B5B4A8-1503-4702-B41B-73B8244DE8A1}"
EndProject
Project("{9A19103F-16F7-4668-BE54-9A1E7A4F7556}") = "RCS.Azure.Data.Processor", "..\..\Azure.Data\RCS.Azure.Data.Processor\RCS.Azure.Data.Processor.csproj", "{CF35CC95-4F42-4860-B230-197EBD234C51}"
EndProject
Project("{2150E333-8FDC-42A3-9474-1A3956D46DE8}") = "Reference Projects", "Reference Projects", "{9842628F-DAD9-4BAE-BD29-84852459DC18}"
EndProject
Project("{9A19103F-16F7-4668-BE54-9A1E7A4F7556}") = "RCS.Carbon.Shared", "..\..\Carbon\Carbon\RCS.Carbon.Shared\RCS.Carbon.Shared.csproj", "{8DACE124-2CC8-44CF-8EC8-28F4AA0294FC}"
EndProject
Project("{9A19103F-16F7-4668-BE54-9A1E7A4F7556}") = "RCS.Carbon.Licensing.Shared", "..\..\Carbon\Carbon\RCS.Carbon.Licensing.Shared\RCS.Carbon.Licensing.Shared.csproj", "{80A9EBC0-296C-4EAA-8605-5F9710B99CD5}"
EndProject
Project("{9A19103F-16F7-4668-BE54-9A1E7A4F7556}") = "RCS.Carbon.Licensing.RedCentre", "..\..\Carbon\Carbon\RCS.Carbon.Licensing.RedCentre\RCS.Carbon.Licensing.RedCentre.csproj", "{584FA6BC-3217-4066-B7C7-5C6E55B0B009}"
EndProject
Project("{9A19103F-16F7-4668-BE54-9A1E7A4F7556}") = "RCS.Carbon.Variables", "..\..\Carbon\Carbon\RCS.Carbon.Variables\RCS.Carbon.Variables.csproj", "{E53CBFAD-0381-4A65-90A7-DC072BCD747C}"
EndProject
Project("{9A19103F-16F7-4668-BE54-9A1E7A4F7556}") = "RCS.Carbon.Tables", "..\..\Carbon\Carbon\RCS.Carbon.Tables\RCS.Carbon.Tables.csproj", "{6ECE1F22-A76E-4504-828F-F7B408836EC9}"
EndProject
Project("{9A19103F-16F7-4668-BE54-9A1E7A4F7556}") = "RCS.Carbon.Export", "..\..\Carbon\Carbon\RCS.Carbon.Export\RCS.Carbon.Export.csproj", "{E68BF55D-390B-4F73-BD3F-CB3217BE60C5}"
EndProject
Project("{9A19103F-16F7-4668-BE54-9A1E7A4F7556}") = "RCS.Carbon.Licensing.Example", "..\Carbon.Examples.Licensing.Provider\RCS.Carbon.Licensing.Example\RCS.Carbon.Licensing.Example.csproj", "{833C5963-7923-494E-AFA1-CB7D0814FDAA}"
EndProject
Global
	GlobalSection(SolutionConfigurationPlatforms) = preSolution
		BPR Release|Any CPU = BPR Release|Any CPU
		Debug|Any CPU = Debug|Any CPU
		Release Test|Any CPU = Release Test|Any CPU
		Release|Any CPU = Release|Any CPU
	EndGlobalSection
	GlobalSection(ProjectConfigurationPlatforms) = postSolution
		{F7687BEC-8707-431E-9051-0EA1E40E338B}.BPR Release|Any CPU.ActiveCfg = Release|Any CPU
		{F7687BEC-8707-431E-9051-0EA1E40E338B}.BPR Release|Any CPU.Build.0 = Release|Any CPU
		{F7687BEC-8707-431E-9051-0EA1E40E338B}.Debug|Any CPU.ActiveCfg = Debug|Any CPU
		{F7687BEC-8707-431E-9051-0EA1E40E338B}.Debug|Any CPU.Build.0 = Debug|Any CPU
		{F7687BEC-8707-431E-9051-0EA1E40E338B}.Release Test|Any CPU.ActiveCfg = Release|Any CPU
		{F7687BEC-8707-431E-9051-0EA1E40E338B}.Release|Any CPU.ActiveCfg = Release|Any CPU
		{F7687BEC-8707-431E-9051-0EA1E40E338B}.Release|Any CPU.Build.0 = Release|Any CPU
		{DDE6EFD5-0430-4D97-9FDB-169543DC3117}.BPR Release|Any CPU.ActiveCfg = BPR Release|Any CPU
		{DDE6EFD5-0430-4D97-9FDB-169543DC3117}.BPR Release|Any CPU.Build.0 = BPR Release|Any CPU
		{DDE6EFD5-0430-4D97-9FDB-169543DC3117}.Debug|Any CPU.ActiveCfg = Debug|Any CPU
		{DDE6EFD5-0430-4D97-9FDB-169543DC3117}.Debug|Any CPU.Build.0 = Debug|Any CPU
		{DDE6EFD5-0430-4D97-9FDB-169543DC3117}.Release Test|Any CPU.ActiveCfg = Release Test|Any CPU
		{DDE6EFD5-0430-4D97-9FDB-169543DC3117}.Release Test|Any CPU.Build.0 = Release Test|Any CPU
		{DDE6EFD5-0430-4D97-9FDB-169543DC3117}.Release|Any CPU.ActiveCfg = Release|Any CPU
		{DDE6EFD5-0430-4D97-9FDB-169543DC3117}.Release|Any CPU.Build.0 = Release|Any CPU
		{53220ADF-4869-4A27-880F-379143DA54EF}.BPR Release|Any CPU.ActiveCfg = Release|Any CPU
		{53220ADF-4869-4A27-880F-379143DA54EF}.BPR Release|Any CPU.Build.0 = Release|Any CPU
		{53220ADF-4869-4A27-880F-379143DA54EF}.Debug|Any CPU.ActiveCfg = Debug|Any CPU
		{53220ADF-4869-4A27-880F-379143DA54EF}.Debug|Any CPU.Build.0 = Debug|Any CPU
		{53220ADF-4869-4A27-880F-379143DA54EF}.Release Test|Any CPU.ActiveCfg = Release|Any CPU
		{53220ADF-4869-4A27-880F-379143DA54EF}.Release Test|Any CPU.Build.0 = Release|Any CPU
		{53220ADF-4869-4A27-880F-379143DA54EF}.Release|Any CPU.ActiveCfg = Release|Any CPU
		{53220ADF-4869-4A27-880F-379143DA54EF}.Release|Any CPU.Build.0 = Release|Any CPU
		{3B577521-921A-4B5A-AEF4-BE56742729FC}.BPR Release|Any CPU.ActiveCfg = Release|Any CPU
		{3B577521-921A-4B5A-AEF4-BE56742729FC}.BPR Release|Any CPU.Build.0 = Release|Any CPU
		{3B577521-921A-4B5A-AEF4-BE56742729FC}.Debug|Any CPU.ActiveCfg = Debug|Any CPU
		{3B577521-921A-4B5A-AEF4-BE56742729FC}.Debug|Any CPU.Build.0 = Debug|Any CPU
		{3B577521-921A-4B5A-AEF4-BE56742729FC}.Release Test|Any CPU.ActiveCfg = Release|Any CPU
		{3B577521-921A-4B5A-AEF4-BE56742729FC}.Release Test|Any CPU.Build.0 = Release|Any CPU
		{3B577521-921A-4B5A-AEF4-BE56742729FC}.Release|Any CPU.ActiveCfg = Release|Any CPU
		{3B577521-921A-4B5A-AEF4-BE56742729FC}.Release|Any CPU.Build.0 = Release|Any CPU
		{83B5B4A8-1503-4702-B41B-73B8244DE8A1}.BPR Release|Any CPU.ActiveCfg = Release|Any CPU
		{83B5B4A8-1503-4702-B41B-73B8244DE8A1}.BPR Release|Any CPU.Build.0 = Release|Any CPU
		{83B5B4A8-1503-4702-B41B-73B8244DE8A1}.Debug|Any CPU.ActiveCfg = Debug|Any CPU
		{83B5B4A8-1503-4702-B41B-73B8244DE8A1}.Debug|Any CPU.Build.0 = Debug|Any CPU
		{83B5B4A8-1503-4702-B41B-73B8244DE8A1}.Release Test|Any CPU.ActiveCfg = Release|Any CPU
		{83B5B4A8-1503-4702-B41B-73B8244DE8A1}.Release Test|Any CPU.Build.0 = Release|Any CPU
		{83B5B4A8-1503-4702-B41B-73B8244DE8A1}.Release|Any CPU.ActiveCfg = Release|Any CPU
		{83B5B4A8-1503-4702-B41B-73B8244DE8A1}.Release|Any CPU.Build.0 = Release|Any CPU
		{CF35CC95-4F42-4860-B230-197EBD234C51}.BPR Release|Any CPU.ActiveCfg = Release|Any CPU
		{CF35CC95-4F42-4860-B230-197EBD234C51}.BPR Release|Any CPU.Build.0 = Release|Any CPU
		{CF35CC95-4F42-4860-B230-197EBD234C51}.Debug|Any CPU.ActiveCfg = Debug|Any CPU
		{CF35CC95-4F42-4860-B230-197EBD234C51}.Debug|Any CPU.Build.0 = Debug|Any CPU
		{CF35CC95-4F42-4860-B230-197EBD234C51}.Release Test|Any CPU.ActiveCfg = Release|Any CPU
		{CF35CC95-4F42-4860-B230-197EBD234C51}.Release Test|Any CPU.Build.0 = Release|Any CPU
		{CF35CC95-4F42-4860-B230-197EBD234C51}.Release|Any CPU.ActiveCfg = Release|Any CPU
		{CF35CC95-4F42-4860-B230-197EBD234C51}.Release|Any CPU.Build.0 = Release|Any CPU
		{8DACE124-2CC8-44CF-8EC8-28F4AA0294FC}.BPR Release|Any CPU.ActiveCfg = Release|Any CPU
		{8DACE124-2CC8-44CF-8EC8-28F4AA0294FC}.BPR Release|Any CPU.Build.0 = Release|Any CPU
		{8DACE124-2CC8-44CF-8EC8-28F4AA0294FC}.Debug|Any CPU.ActiveCfg = Debug|Any CPU
		{8DACE124-2CC8-44CF-8EC8-28F4AA0294FC}.Debug|Any CPU.Build.0 = Debug|Any CPU
		{8DACE124-2CC8-44CF-8EC8-28F4AA0294FC}.Release Test|Any CPU.ActiveCfg = Release|Any CPU
		{8DACE124-2CC8-44CF-8EC8-28F4AA0294FC}.Release Test|Any CPU.Build.0 = Release|Any CPU
		{8DACE124-2CC8-44CF-8EC8-28F4AA0294FC}.Release|Any CPU.ActiveCfg = Release|Any CPU
		{8DACE124-2CC8-44CF-8EC8-28F4AA0294FC}.Release|Any CPU.Build.0 = Release|Any CPU
		{80A9EBC0-296C-4EAA-8605-5F9710B99CD5}.BPR Release|Any CPU.ActiveCfg = Release|Any CPU
		{80A9EBC0-296C-4EAA-8605-5F9710B99CD5}.BPR Release|Any CPU.Build.0 = Release|Any CPU
		{80A9EBC0-296C-4EAA-8605-5F9710B99CD5}.Debug|Any CPU.ActiveCfg = Debug|Any CPU
		{80A9EBC0-296C-4EAA-8605-5F9710B99CD5}.Debug|Any CPU.Build.0 = Debug|Any CPU
		{80A9EBC0-296C-4EAA-8605-5F9710B99CD5}.Release Test|Any CPU.ActiveCfg = Release|Any CPU
		{80A9EBC0-296C-4EAA-8605-5F9710B99CD5}.Release Test|Any CPU.Build.0 = Release|Any CPU
		{80A9EBC0-296C-4EAA-8605-5F9710B99CD5}.Release|Any CPU.ActiveCfg = Release|Any CPU
		{80A9EBC0-296C-4EAA-8605-5F9710B99CD5}.Release|Any CPU.Build.0 = Release|Any CPU
		{584FA6BC-3217-4066-B7C7-5C6E55B0B009}.BPR Release|Any CPU.ActiveCfg = Release|Any CPU
		{584FA6BC-3217-4066-B7C7-5C6E55B0B009}.BPR Release|Any CPU.Build.0 = Release|Any CPU
		{584FA6BC-3217-4066-B7C7-5C6E55B0B009}.Debug|Any CPU.ActiveCfg = Debug|Any CPU
		{584FA6BC-3217-4066-B7C7-5C6E55B0B009}.Debug|Any CPU.Build.0 = Debug|Any CPU
		{584FA6BC-3217-4066-B7C7-5C6E55B0B009}.Release Test|Any CPU.ActiveCfg = Release|Any CPU
		{584FA6BC-3217-4066-B7C7-5C6E55B0B009}.Release Test|Any CPU.Build.0 = Release|Any CPU
		{584FA6BC-3217-4066-B7C7-5C6E55B0B009}.Release|Any CPU.ActiveCfg = Release|Any CPU
		{584FA6BC-3217-4066-B7C7-5C6E55B0B009}.Release|Any CPU.Build.0 = Release|Any CPU
		{E53CBFAD-0381-4A65-90A7-DC072BCD747C}.BPR Release|Any CPU.ActiveCfg = Release|Any CPU
		{E53CBFAD-0381-4A65-90A7-DC072BCD747C}.BPR Release|Any CPU.Build.0 = Release|Any CPU
		{E53CBFAD-0381-4A65-90A7-DC072BCD747C}.Debug|Any CPU.ActiveCfg = Debug|Any CPU
		{E53CBFAD-0381-4A65-90A7-DC072BCD747C}.Debug|Any CPU.Build.0 = Debug|Any CPU
		{E53CBFAD-0381-4A65-90A7-DC072BCD747C}.Release Test|Any CPU.ActiveCfg = Release|Any CPU
		{E53CBFAD-0381-4A65-90A7-DC072BCD747C}.Release Test|Any CPU.Build.0 = Release|Any CPU
		{E53CBFAD-0381-4A65-90A7-DC072BCD747C}.Release|Any CPU.ActiveCfg = Release|Any CPU
		{E53CBFAD-0381-4A65-90A7-DC072BCD747C}.Release|Any CPU.Build.0 = Release|Any CPU
		{6ECE1F22-A76E-4504-828F-F7B408836EC9}.BPR Release|Any CPU.ActiveCfg = Release|Any CPU
		{6ECE1F22-A76E-4504-828F-F7B408836EC9}.BPR Release|Any CPU.Build.0 = Release|Any CPU
		{6ECE1F22-A76E-4504-828F-F7B408836EC9}.Debug|Any CPU.ActiveCfg = Debug|Any CPU
		{6ECE1F22-A76E-4504-828F-F7B408836EC9}.Debug|Any CPU.Build.0 = Debug|Any CPU
		{6ECE1F22-A76E-4504-828F-F7B408836EC9}.Release Test|Any CPU.ActiveCfg = Release|Any CPU
		{6ECE1F22-A76E-4504-828F-F7B408836EC9}.Release Test|Any CPU.Build.0 = Release|Any CPU
		{6ECE1F22-A76E-4504-828F-F7B408836EC9}.Release|Any CPU.ActiveCfg = Release|Any CPU
		{6ECE1F22-A76E-4504-828F-F7B408836EC9}.Release|Any CPU.Build.0 = Release|Any CPU
		{E68BF55D-390B-4F73-BD3F-CB3217BE60C5}.BPR Release|Any CPU.ActiveCfg = Release|Any CPU
		{E68BF55D-390B-4F73-BD3F-CB3217BE60C5}.BPR Release|Any CPU.Build.0 = Release|Any CPU
		{E68BF55D-390B-4F73-BD3F-CB3217BE60C5}.Debug|Any CPU.ActiveCfg = Debug|Any CPU
		{E68BF55D-390B-4F73-BD3F-CB3217BE60C5}.Debug|Any CPU.Build.0 = Debug|Any CPU
		{E68BF55D-390B-4F73-BD3F-CB3217BE60C5}.Release Test|Any CPU.ActiveCfg = Release|Any CPU
		{E68BF55D-390B-4F73-BD3F-CB3217BE60C5}.Release Test|Any CPU.Build.0 = Release|Any CPU
		{E68BF55D-390B-4F73-BD3F-CB3217BE60C5}.Release|Any CPU.ActiveCfg = Release|Any CPU
		{E68BF55D-390B-4F73-BD3F-CB3217BE60C5}.Release|Any CPU.Build.0 = Release|Any CPU
		{833C5963-7923-494E-AFA1-CB7D0814FDAA}.BPR Release|Any CPU.ActiveCfg = Release|Any CPU
		{833C5963-7923-494E-AFA1-CB7D0814FDAA}.BPR Release|Any CPU.Build.0 = Release|Any CPU
		{833C5963-7923-494E-AFA1-CB7D0814FDAA}.Debug|Any CPU.ActiveCfg = Debug|Any CPU
		{833C5963-7923-494E-AFA1-CB7D0814FDAA}.Debug|Any CPU.Build.0 = Debug|Any CPU
		{833C5963-7923-494E-AFA1-CB7D0814FDAA}.Release Test|Any CPU.ActiveCfg = Release|Any CPU
		{833C5963-7923-494E-AFA1-CB7D0814FDAA}.Release Test|Any CPU.Build.0 = Release|Any CPU
		{833C5963-7923-494E-AFA1-CB7D0814FDAA}.Release|Any CPU.ActiveCfg = Release|Any CPU
		{833C5963-7923-494E-AFA1-CB7D0814FDAA}.Release|Any CPU.Build.0 = Release|Any CPU
	EndGlobalSection
	GlobalSection(SolutionProperties) = preSolution
		HideSolutionNode = FALSE
	EndGlobalSection
	GlobalSection(NestedProjects) = preSolution
		{83B5B4A8-1503-4702-B41B-73B8244DE8A1} = {9842628F-DAD9-4BAE-BD29-84852459DC18}
		{CF35CC95-4F42-4860-B230-197EBD234C51} = {9842628F-DAD9-4BAE-BD29-84852459DC18}
		{8DACE124-2CC8-44CF-8EC8-28F4AA0294FC} = {9842628F-DAD9-4BAE-BD29-84852459DC18}
		{80A9EBC0-296C-4EAA-8605-5F9710B99CD5} = {9842628F-DAD9-4BAE-BD29-84852459DC18}
		{584FA6BC-3217-4066-B7C7-5C6E55B0B009} = {9842628F-DAD9-4BAE-BD29-84852459DC18}
		{E53CBFAD-0381-4A65-90A7-DC072BCD747C} = {9842628F-DAD9-4BAE-BD29-84852459DC18}
		{6ECE1F22-A76E-4504-828F-F7B408836EC9} = {9842628F-DAD9-4BAE-BD29-84852459DC18}
		{E68BF55D-390B-4F73-BD3F-CB3217BE60C5} = {9842628F-DAD9-4BAE-BD29-84852459DC18}
		{833C5963-7923-494E-AFA1-CB7D0814FDAA} = {9842628F-DAD9-4BAE-BD29-84852459DC18}
	EndGlobalSection
	GlobalSection(ExtensibilityGlobals) = postSolution
		SolutionGuid = {88E755E1-2C2C-4539-A7A5-B36A601FA7C1}
	EndGlobalSection
EndGlobal
