
Microsoft Visual Studio Solution File, Format Version 12.00
# Visual Studio Version 17
VisualStudioVersion = 17.2.32616.157
MinimumVisualStudioVersion = 10.0.40219.1
Project("{9A19103F-16F7-4668-BE54-9A1E7A4F7556}") = "Carbon.Examples.WebService.Common", "Carbon.Examples.WebService.Common\Carbon.Examples.WebService.Common.csproj", "{F7687BEC-8707-431E-9051-0EA1E40E338B}"
EndProject
Project("{2150E333-8FDC-42A3-9474-1A3956D46DE8}") = "Solution Items", "Solution Items", "{0DF636C4-32F6-439E-A8E9-8685FDA15B78}"
	ProjectSection(SolutionItems) = preProject
		Directory.Build.props = Directory.Build.props
		Directory.Build.targets = Directory.Build.targets
		README.md = README.md
		ServiceCodegen.ttinclude = ServiceCodegen.ttinclude
		ServiceCodegen.xml = ServiceCodegen.xml
	EndProjectSection
EndProject
Project("{9A19103F-16F7-4668-BE54-9A1E7A4F7556}") = "Carbon.Examples.WebService.WebApi", "Carbon.Examples.WebService.WebApi\Carbon.Examples.WebService.WebApi.csproj", "{DDE6EFD5-0430-4D97-9FDB-169543DC3117}"
EndProject
Project("{9A19103F-16F7-4668-BE54-9A1E7A4F7556}") = "Carbon.Examples.WebService.Logging", "Carbon.Examples.WebService.Logging\Carbon.Examples.WebService.Logging.csproj", "{53220ADF-4869-4A27-880F-379143DA54EF}"
EndProject
Project("{9A19103F-16F7-4668-BE54-9A1E7A4F7556}") = "Carbon.Examples.WebService.UnitTests", "Carbon.Examples.WebService.UnitTests\Carbon.Examples.WebService.UnitTests.csproj", "{3B577521-921A-4B5A-AEF4-BE56742729FC}"
EndProject
Project("{FAE04EC0-301F-11D3-BF4B-00C04F79EFBC}") = "Carbon.Examples.WebService.Database", "Carbon.Examples.WebService.Database\Carbon.Examples.WebService.Database.csproj", "{F4C97ECA-2953-4CE9-93C0-F62B15F278E5}"
EndProject
Global
	GlobalSection(SolutionConfigurationPlatforms) = preSolution
		Debug|Any CPU = Debug|Any CPU
		RCS Production|Any CPU = RCS Production|Any CPU
		RCS Testing|Any CPU = RCS Testing|Any CPU
		Release|Any CPU = Release|Any CPU
		SQL Production|Any CPU = SQL Production|Any CPU
		SQL Testing|Any CPU = SQL Testing|Any CPU
	EndGlobalSection
	GlobalSection(ProjectConfigurationPlatforms) = postSolution
		{F7687BEC-8707-431E-9051-0EA1E40E338B}.Debug|Any CPU.ActiveCfg = Debug|Any CPU
		{F7687BEC-8707-431E-9051-0EA1E40E338B}.Debug|Any CPU.Build.0 = Debug|Any CPU
		{F7687BEC-8707-431E-9051-0EA1E40E338B}.RCS Production|Any CPU.ActiveCfg = RCS Production|Any CPU
		{F7687BEC-8707-431E-9051-0EA1E40E338B}.RCS Production|Any CPU.Build.0 = RCS Production|Any CPU
		{F7687BEC-8707-431E-9051-0EA1E40E338B}.RCS Testing|Any CPU.ActiveCfg = RCS Testing|Any CPU
		{F7687BEC-8707-431E-9051-0EA1E40E338B}.RCS Testing|Any CPU.Build.0 = RCS Testing|Any CPU
		{F7687BEC-8707-431E-9051-0EA1E40E338B}.Release|Any CPU.ActiveCfg = Release|Any CPU
		{F7687BEC-8707-431E-9051-0EA1E40E338B}.Release|Any CPU.Build.0 = Release|Any CPU
		{F7687BEC-8707-431E-9051-0EA1E40E338B}.SQL Production|Any CPU.ActiveCfg = SQL Production|Any CPU
		{F7687BEC-8707-431E-9051-0EA1E40E338B}.SQL Production|Any CPU.Build.0 = SQL Production|Any CPU
		{F7687BEC-8707-431E-9051-0EA1E40E338B}.SQL Testing|Any CPU.ActiveCfg = SQL Testing|Any CPU
		{F7687BEC-8707-431E-9051-0EA1E40E338B}.SQL Testing|Any CPU.Build.0 = SQL Testing|Any CPU
		{DDE6EFD5-0430-4D97-9FDB-169543DC3117}.Debug|Any CPU.ActiveCfg = Debug|Any CPU
		{DDE6EFD5-0430-4D97-9FDB-169543DC3117}.Debug|Any CPU.Build.0 = Debug|Any CPU
		{DDE6EFD5-0430-4D97-9FDB-169543DC3117}.RCS Production|Any CPU.ActiveCfg = RCS Production|Any CPU
		{DDE6EFD5-0430-4D97-9FDB-169543DC3117}.RCS Production|Any CPU.Build.0 = RCS Production|Any CPU
		{DDE6EFD5-0430-4D97-9FDB-169543DC3117}.RCS Testing|Any CPU.ActiveCfg = RCS Testing|Any CPU
		{DDE6EFD5-0430-4D97-9FDB-169543DC3117}.RCS Testing|Any CPU.Build.0 = RCS Testing|Any CPU
		{DDE6EFD5-0430-4D97-9FDB-169543DC3117}.Release|Any CPU.ActiveCfg = Release|Any CPU
		{DDE6EFD5-0430-4D97-9FDB-169543DC3117}.Release|Any CPU.Build.0 = Release|Any CPU
		{DDE6EFD5-0430-4D97-9FDB-169543DC3117}.SQL Production|Any CPU.ActiveCfg = SQL Production|Any CPU
		{DDE6EFD5-0430-4D97-9FDB-169543DC3117}.SQL Production|Any CPU.Build.0 = SQL Production|Any CPU
		{DDE6EFD5-0430-4D97-9FDB-169543DC3117}.SQL Testing|Any CPU.ActiveCfg = SQL Testing|Any CPU
		{DDE6EFD5-0430-4D97-9FDB-169543DC3117}.SQL Testing|Any CPU.Build.0 = SQL Testing|Any CPU
		{53220ADF-4869-4A27-880F-379143DA54EF}.Debug|Any CPU.ActiveCfg = Debug|Any CPU
		{53220ADF-4869-4A27-880F-379143DA54EF}.Debug|Any CPU.Build.0 = Debug|Any CPU
		{53220ADF-4869-4A27-880F-379143DA54EF}.RCS Production|Any CPU.ActiveCfg = RCS Production|Any CPU
		{53220ADF-4869-4A27-880F-379143DA54EF}.RCS Production|Any CPU.Build.0 = RCS Production|Any CPU
		{53220ADF-4869-4A27-880F-379143DA54EF}.RCS Testing|Any CPU.ActiveCfg = RCS Testing|Any CPU
		{53220ADF-4869-4A27-880F-379143DA54EF}.RCS Testing|Any CPU.Build.0 = RCS Testing|Any CPU
		{53220ADF-4869-4A27-880F-379143DA54EF}.Release|Any CPU.ActiveCfg = Release|Any CPU
		{53220ADF-4869-4A27-880F-379143DA54EF}.Release|Any CPU.Build.0 = Release|Any CPU
		{53220ADF-4869-4A27-880F-379143DA54EF}.SQL Production|Any CPU.ActiveCfg = SQL Production|Any CPU
		{53220ADF-4869-4A27-880F-379143DA54EF}.SQL Production|Any CPU.Build.0 = SQL Production|Any CPU
		{53220ADF-4869-4A27-880F-379143DA54EF}.SQL Testing|Any CPU.ActiveCfg = SQL Testing|Any CPU
		{53220ADF-4869-4A27-880F-379143DA54EF}.SQL Testing|Any CPU.Build.0 = SQL Testing|Any CPU
		{3B577521-921A-4B5A-AEF4-BE56742729FC}.Debug|Any CPU.ActiveCfg = Debug|Any CPU
		{3B577521-921A-4B5A-AEF4-BE56742729FC}.Debug|Any CPU.Build.0 = Debug|Any CPU
		{3B577521-921A-4B5A-AEF4-BE56742729FC}.RCS Production|Any CPU.ActiveCfg = RCS Production|Any CPU
		{3B577521-921A-4B5A-AEF4-BE56742729FC}.RCS Production|Any CPU.Build.0 = RCS Production|Any CPU
		{3B577521-921A-4B5A-AEF4-BE56742729FC}.RCS Testing|Any CPU.ActiveCfg = RCS Testing|Any CPU
		{3B577521-921A-4B5A-AEF4-BE56742729FC}.RCS Testing|Any CPU.Build.0 = RCS Testing|Any CPU
		{3B577521-921A-4B5A-AEF4-BE56742729FC}.Release|Any CPU.ActiveCfg = Release|Any CPU
		{3B577521-921A-4B5A-AEF4-BE56742729FC}.Release|Any CPU.Build.0 = Release|Any CPU
		{3B577521-921A-4B5A-AEF4-BE56742729FC}.SQL Production|Any CPU.ActiveCfg = SQL Production|Any CPU
		{3B577521-921A-4B5A-AEF4-BE56742729FC}.SQL Production|Any CPU.Build.0 = SQL Production|Any CPU
		{3B577521-921A-4B5A-AEF4-BE56742729FC}.SQL Testing|Any CPU.ActiveCfg = SQL Testing|Any CPU
		{3B577521-921A-4B5A-AEF4-BE56742729FC}.SQL Testing|Any CPU.Build.0 = SQL Testing|Any CPU
		{F4C97ECA-2953-4CE9-93C0-F62B15F278E5}.Debug|Any CPU.ActiveCfg = Debug|Any CPU
		{F4C97ECA-2953-4CE9-93C0-F62B15F278E5}.Debug|Any CPU.Build.0 = Debug|Any CPU
		{F4C97ECA-2953-4CE9-93C0-F62B15F278E5}.RCS Production|Any CPU.ActiveCfg = Release|Any CPU
		{F4C97ECA-2953-4CE9-93C0-F62B15F278E5}.RCS Production|Any CPU.Build.0 = Release|Any CPU
		{F4C97ECA-2953-4CE9-93C0-F62B15F278E5}.RCS Testing|Any CPU.ActiveCfg = Release|Any CPU
		{F4C97ECA-2953-4CE9-93C0-F62B15F278E5}.RCS Testing|Any CPU.Build.0 = Release|Any CPU
		{F4C97ECA-2953-4CE9-93C0-F62B15F278E5}.Release|Any CPU.ActiveCfg = Release|Any CPU
		{F4C97ECA-2953-4CE9-93C0-F62B15F278E5}.Release|Any CPU.Build.0 = Release|Any CPU
		{F4C97ECA-2953-4CE9-93C0-F62B15F278E5}.SQL Production|Any CPU.ActiveCfg = Release|Any CPU
		{F4C97ECA-2953-4CE9-93C0-F62B15F278E5}.SQL Production|Any CPU.Build.0 = Release|Any CPU
		{F4C97ECA-2953-4CE9-93C0-F62B15F278E5}.SQL Testing|Any CPU.ActiveCfg = Release|Any CPU
		{F4C97ECA-2953-4CE9-93C0-F62B15F278E5}.SQL Testing|Any CPU.Build.0 = Release|Any CPU
	EndGlobalSection
	GlobalSection(SolutionProperties) = preSolution
		HideSolutionNode = FALSE
	EndGlobalSection
	GlobalSection(ExtensibilityGlobals) = postSolution
		SolutionGuid = {88E755E1-2C2C-4539-A7A5-B36A601FA7C1}
	EndGlobalSection
EndGlobal
